{
  "version": 4,
  "terraform_version": "1.13.3",
  "serial": 226,
  "lineage": "84a9171d-26c2-820d-4353-f248df27d7dd",
  "outputs": {},
  "resources": [
    {
      "mode": "data",
      "type": "aws_eks_cluster",
      "name": "eks",
      "provider": "provider[\"registry.terraform.io/hashicorp/aws\"]",
      "instances": [
        {
          "schema_version": 0,
          "attributes": {
            "access_config": [
              {
                "authentication_mode": "API_AND_CONFIG_MAP",
                "bootstrap_cluster_creator_admin_permissions": true
              }
            ],
            "arn": "arn:aws:eks:us-east-1:216989097838:cluster/eks-cluster-part5-3rdjan",
            "certificate_authority": [
              {
                "data": "LS0tLS1CRUdJTiBDRVJUSUZJQ0FURS0tLS0tCk1JSURCVENDQWUyZ0F3SUJBZ0lJRVBYQ3pRNWx2NzR3RFFZSktvWklodmNOQVFFTEJRQXdGVEVUTUJFR0ExVUUKQXhNS2EzVmlaWEp1WlhSbGN6QWVGdzB5TmpBek16RXhOVEE0TURSYUZ3MHpOakF6TWpneE5URXpNRFJhTUJVeApFekFSQmdOVkJBTVRDbXQxWW1WeWJtVjBaWE13Z2dFaU1BMEdDU3FHU0liM0RRRUJBUVVBQTRJQkR3QXdnZ0VLCkFvSUJBUURQR1ZROVQxdEtCTmNKSC8vSmxOQUdvaFBPYVhMSi9GKzA1clo5Rm5SSFdXdWFhV0dMVVREZnhINVoKZE5kcm5mRVVkTmdwWWxJKzBCWGxEREdWVVM1SUpzVTVzU0YxRm5nTHRGcGlvMUxmRkpRYUlaSWRnNjQrK1hlOApFcCtLWTdFSkRveC9vOGNreTNiczJsSXh2WTREOGxFVmtrcm5VeVFtK3JSdEJhcTYyYStuTzYzaVdCRitDS21DCmRKSmpaZGVIejJhTzE3bk1kYlVWam0xNGZyR0o4YklnbGpLMkY5alo1dFVIaThvV3l2d3ZsUUx4aEZLVWZQSFEKOTZySHZWcGQrSkE4eElGRzQzamRjWENNTEhhRzFkUGt6em1nRThnakpjOFBKOXA3UFZ4ajUrVFJ3a0ZaM3hGZApicC8zWkVzQ2xOczl6NmFnYW9CNGw4UU9BYnZYQWdNQkFBR2pXVEJYTUE0R0ExVWREd0VCL3dRRUF3SUNwREFQCkJnTlZIUk1CQWY4RUJUQURBUUgvTUIwR0ExVWREZ1FXQkJTWGhpYVNqb0p0eVNrTVBjNGcrTVUwZGpOWnpEQVYKQmdOVkhSRUVEakFNZ2dwcmRXSmxjbTVsZEdWek1BMEdDU3FHU0liM0RRRUJDd1VBQTRJQkFRQTJ0KzJaclFuSgpOTzBVV3lZSGxMWnEyNjJsY0ZhMklEeVZjeklGN1hoU2s1dzVvVm96THdTckRiUnZMY3NnWXhlOEkyMlNiTHlhClRRSFJuOWRIeHVNTlZJZjB0UUpJWURLS2t5YjlUWXNFNjRVTUNqVGJ6dGh2U0NPYlIyTVVmL3g3UE1iQWM5L04KQlNndWhtNFJFYkJhZU5JSzRobmxtRTZJK2xkbkhBYkwyU2dMckRXQmN6SDF1eEFxa056WFNRWkpqY3k3MjRraQppSmlDQUFhd0NjK2VjQ2xZOEdmVHlrRXNwelVYLzFvVWVCaGI3K0tOZjlmMUkrV2VyMzFCU0Z0blJWRVVKQUdsCld4R1J1MWdpZ1VzYVpMRXRiNVp6UE93b2JxWjJjSGZTVjhoZlphci9PWmV6NUlqT3Z1RW1SU0hrSTEwUmoxYVUKU1BESGtPUGpOSlNOCi0tLS0tRU5EIENFUlRJRklDQVRFLS0tLS0K"
              }
            ],
            "cluster_id": null,
            "compute_config": [
              {
                "enabled": false,
                "node_pools": [],
                "node_role_arn": ""
              }
            ],
            "control_plane_scaling_config": [
              {
                "tier": "standard"
              }
            ],
            "created_at": "2026-03-31T15:08:12Z",
            "deletion_protection": false,
            "enabled_cluster_log_types": [
              "api",
              "audit",
              "authenticator"
            ],
            "endpoint": "https://203C4984C18396AB9C4C0DD67FD24AFC.gr7.us-east-1.eks.amazonaws.com",
            "id": "eks-cluster-part5-3rdjan",
            "identity": [
              {
                "oidc": [
                  {
                    "issuer": "https://oidc.eks.us-east-1.amazonaws.com/id/203C4984C18396AB9C4C0DD67FD24AFC"
                  }
                ]
              }
            ],
            "kubernetes_network_config": [
              {
                "elastic_load_balancing": [
                  {
                    "enabled": false
                  }
                ],
                "ip_family": "ipv4",
                "service_ipv4_cidr": "172.20.0.0/16",
                "service_ipv6_cidr": ""
              }
            ],
            "name": "eks-cluster-part5-3rdjan",
            "outpost_config": [],
            "platform_version": "eks.55",
            "region": "us-east-1",
            "remote_network_config": [],
            "role_arn": "arn:aws:iam::216989097838:role/eks-cluster-part5-3rdjan-cluster-20260331150720391700000001",
            "status": "ACTIVE",
            "storage_config": [
              {
                "block_storage": [
                  {
                    "enabled": false
                  }
                ]
              }
            ],
            "tags": {
              "Terraform": "true",
              "class": "eks-5-3rd-jan",
              "repo": "part5-github-oidc-aws",
              "terraform-aws-modules": "eks"
            },
            "upgrade_policy": [
              {
                "support_type": "EXTENDED"
              }
            ],
            "version": "1.31",
            "vpc_config": [
              {
                "cluster_security_group_id": "sg-084bcd6bac048c551",
                "endpoint_private_access": true,
                "endpoint_public_access": true,
                "public_access_cidrs": [
                  "0.0.0.0/0"
                ],
                "security_group_ids": [
                  "sg-07c07aa4756d58246"
                ],
                "subnet_ids": [
                  "subnet-0288bba40eb86aa7d",
                  "subnet-0744c5691ea732b75",
                  "subnet-0fc6b6a915c265097"
                ],
                "vpc_id": "vpc-024e659a75d21a141"
              }
            ],
            "zonal_shift_config": []
          },
          "sensitive_attributes": [],
          "identity_schema_version": 0
        }
      ]
    },
    {
      "mode": "managed",
      "type": "aws_security_group",
      "name": "rds",
      "provider": "provider[\"registry.terraform.io/hashicorp/aws\"]",
      "instances": [
        {
          "schema_version": 1,
          "attributes": {
            "arn": "arn:aws:ec2:us-east-1:216989097838:security-group/sg-05e16a15c37bee016",
            "description": "allow inbound access from the ECS only",
            "egress": [
              {
                "cidr_blocks": [
                  "0.0.0.0/0"
                ],
                "description": "",
                "from_port": 0,
                "ipv6_cidr_blocks": [],
                "prefix_list_ids": [],
                "protocol": "-1",
                "security_groups": [],
                "self": false,
                "to_port": 0
              }
            ],
            "id": "sg-05e16a15c37bee016",
            "ingress": [
              {
                "cidr_blocks": [
                  "0.0.0.0/0"
                ],
                "description": "",
                "from_port": 5432,
                "ipv6_cidr_blocks": [],
                "prefix_list_ids": [],
                "protocol": "tcp",
                "security_groups": [],
                "self": false,
                "to_port": 5432
              }
            ],
            "name": "dev-rds-sg",
            "name_prefix": "",
            "owner_id": "216989097838",
            "region": "us-east-1",
            "revoke_rules_on_delete": false,
            "tags": {},
            "tags_all": {},
            "timeouts": null,
            "vpc_id": "vpc-024e659a75d21a141"
          },
          "sensitive_attributes": [],
          "identity_schema_version": 0,
          "identity": {
            "account_id": "216989097838",
            "id": "sg-05e16a15c37bee016",
            "region": "us-east-1"
          },
          "private": "eyJlMmJmYjczMC1lY2FhLTExZTYtOGY4OC0zNDM2M2JjN2M0YzAiOnsiY3JlYXRlIjo2MDAwMDAwMDAwMDAsImRlbGV0ZSI6OTAwMDAwMDAwMDAwfSwic2NoZW1hX3ZlcnNpb24iOiIxIn0=",
          "dependencies": [
            "data.aws_eks_cluster.eks"
          ],
          "create_before_destroy": true
        }
      ]
    }
  ],
  "check_results": null
}
